
Microsoft Visual Studio Solution File, Format Version 12.00
# Visual Studio Version 17
VisualStudioVersion = 17.2.32602.215
MinimumVisualStudioVersion = 10.0.40219.1
Project("{FAE04EC0-301F-11D3-BF4B-00C04F79EFBC}") = "SheridanProject", "SheridanProject\SheridanProject.csproj", "{FB901E30-D85F-42F5-83D2-CC2CDB9DF5A2}"
EndProject
Global
	GlobalSection(SolutionConfigurationPlatforms) = preSolution
		Debug|Any CPU = Debug|Any CPU
		Release|Any CPU = Release|Any CPU
	EndGlobalSection
	GlobalSection(ProjectConfigurationPlatforms) = postSolution
		{FB901E30-D85F-42F5-83D2-CC2CDB9DF5A2}.Debug|Any CPU.ActiveCfg = Debug|Any CPU
		{FB901E30-D85F-42F5-83D2-CC2CDB9DF5A2}.Debug|Any CPU.Build.0 = Debug|Any CPU
		{FB901E30-D85F-42F5-83D2-CC2CDB9DF5A2}.Release|Any CPU.ActiveCfg = Release|Any CPU
		{FB901E30-D85F-42F5-83D2-CC2CDB9DF5A2}.Release|Any CPU.Build.0 = Release|Any CPU
	EndGlobalSection
	GlobalSection(SolutionProperties) = preSolution
		HideSolutionNode = FALSE
	EndGlobalSection
	GlobalSection(ExtensibilityGlobals) = postSolution
		SolutionGuid = {9D6C3C09-B483-47E1-BEFF-C03EB0A6303C}
	EndGlobalSection
EndGlobal
